// !$*UTF8*$!
{
	archiveVersion = 1;
	classes = {
	};
	objectVersion = 50;
	objects = {

/* Begin PBXBuildFile section */
		50A7E8E32CE88633BFDCE290 /* Pods_imageFilter.framework in Frameworks */ = {isa = PBXBuildFile; fileRef = 7BCAB3D13D44A6255978AC79 /* Pods_imageFilter.framework */; };
		65A7846B251CDE5000B37AE8 /* PopUpMenuView.swift in Sources */ = {isa = PBXBuildFile; fileRef = 65A7846A251CDE5000B37AE8 /* PopUpMenuView.swift */; };
		7766C9C525207C2B00ACA385 /* Podfile in Resources */ = {isa = PBXBuildFile; fileRef = 7766C9C425207C2B00ACA385 /* Podfile */; };
		77DD3620251AF89F00C0492D /* AppDelegate.swift in Sources */ = {isa = PBXBuildFile; fileRef = 77DD361F251AF89F00C0492D /* AppDelegate.swift */; };
		77DD3622251AF89F00C0492D /* SceneDelegate.swift in Sources */ = {isa = PBXBuildFile; fileRef = 77DD3621251AF89F00C0492D /* SceneDelegate.swift */; };
		77DD3624251AF89F00C0492D /* ViewController.swift in Sources */ = {isa = PBXBuildFile; fileRef = 77DD3623251AF89F00C0492D /* ViewController.swift */; };
		77DD3627251AF89F00C0492D /* Main.storyboard in Resources */ = {isa = PBXBuildFile; fileRef = 77DD3625251AF89F00C0492D /* Main.storyboard */; };
		77DD3629251AF8A100C0492D /* Assets.xcassets in Resources */ = {isa = PBXBuildFile; fileRef = 77DD3628251AF8A100C0492D /* Assets.xcassets */; };
		77DD362C251AF8A100C0492D /* LaunchScreen.storyboard in Resources */ = {isa = PBXBuildFile; fileRef = 77DD362A251AF8A100C0492D /* LaunchScreen.storyboard */; };
		77DD3637251B3A1600C0492D /* MainViewController.swift in Sources */ = {isa = PBXBuildFile; fileRef = 77DD3636251B3A1600C0492D /* MainViewController.swift */; };
		77DD36A1251C312C00C0492D /* HueGraindentSlider.swift in Sources */ = {isa = PBXBuildFile; fileRef = 77DD36A0251C312C00C0492D /* HueGraindentSlider.swift */; };
		77DD36A3251C5D8F00C0492D /* SaturationSlider.swift in Sources */ = {isa = PBXBuildFile; fileRef = 77DD36A2251C5D8F00C0492D /* SaturationSlider.swift */; };
		77DD36A5251C63E900C0492D /* BrightnessSlider.swift in Sources */ = {isa = PBXBuildFile; fileRef = 77DD36A4251C63E900C0492D /* BrightnessSlider.swift */; };
		77DD36A8251C6B5600C0492D /* SF-UI-Display-Regular.otf in Resources */ = {isa = PBXBuildFile; fileRef = 77DD36A7251C6B5600C0492D /* SF-UI-Display-Regular.otf */; };
		77DD36F7251DC59200C0492D /* Filter.swift in Sources */ = {isa = PBXBuildFile; fileRef = 77DD36F6251DC59100C0492D /* Filter.swift */; };
/* End PBXBuildFile section */

/* Begin PBXFileReference section */
		384153BE1EA1581AA726D867 /* Pods-imageFilter.debug.xcconfig */ = {isa = PBXFileReference; includeInIndex = 1; lastKnownFileType = text.xcconfig; name = "Pods-imageFilter.debug.xcconfig"; path = "Target Support Files/Pods-imageFilter/Pods-imageFilter.debug.xcconfig"; sourceTree = "<group>"; };
		65A7846A251CDE5000B37AE8 /* PopUpMenuView.swift */ = {isa = PBXFileReference; lastKnownFileType = sourcecode.swift; path = PopUpMenuView.swift; sourceTree = "<group>"; };
		7766C9C425207C2B00ACA385 /* Podfile */ = {isa = PBXFileReference; fileEncoding = 4; lastKnownFileType = text; path = Podfile; sourceTree = SOURCE_ROOT; };
		77DD361C251AF89F00C0492D /* imageFilter.app */ = {isa = PBXFileReference; explicitFileType = wrapper.application; includeInIndex = 0; path = imageFilter.app; sourceTree = BUILT_PRODUCTS_DIR; };
		77DD361F251AF89F00C0492D /* AppDelegate.swift */ = {isa = PBXFileReference; lastKnownFileType = sourcecode.swift; path = AppDelegate.swift; sourceTree = "<group>"; };
		77DD3621251AF89F00C0492D /* SceneDelegate.swift */ = {isa = PBXFileReference; lastKnownFileType = sourcecode.swift; path = SceneDelegate.swift; sourceTree = "<group>"; };
		77DD3623251AF89F00C0492D /* ViewController.swift */ = {isa = PBXFileReference; lastKnownFileType = sourcecode.swift; path = ViewController.swift; sourceTree = "<group>"; };
		77DD3626251AF89F00C0492D /* Base */ = {isa = PBXFileReference; lastKnownFileType = file.storyboard; name = Base; path = Base.lproj/Main.storyboard; sourceTree = "<group>"; };
		77DD3628251AF8A100C0492D /* Assets.xcassets */ = {isa = PBXFileReference; lastKnownFileType = folder.assetcatalog; path = Assets.xcassets; sourceTree = "<group>"; };
		77DD362B251AF8A100C0492D /* Base */ = {isa = PBXFileReference; lastKnownFileType = file.storyboard; name = Base; path = Base.lproj/LaunchScreen.storyboard; sourceTree = "<group>"; };
		77DD362D251AF8A100C0492D /* Info.plist */ = {isa = PBXFileReference; lastKnownFileType = text.plist.xml; path = Info.plist; sourceTree = "<group>"; };
		77DD3636251B3A1600C0492D /* MainViewController.swift */ = {isa = PBXFileReference; lastKnownFileType = sourcecode.swift; path = MainViewController.swift; sourceTree = "<group>"; };
		77DD36A0251C312C00C0492D /* HueGraindentSlider.swift */ = {isa = PBXFileReference; lastKnownFileType = sourcecode.swift; path = HueGraindentSlider.swift; sourceTree = "<group>"; };
		77DD36A2251C5D8F00C0492D /* SaturationSlider.swift */ = {isa = PBXFileReference; lastKnownFileType = sourcecode.swift; path = SaturationSlider.swift; sourceTree = "<group>"; };
		77DD36A4251C63E900C0492D /* BrightnessSlider.swift */ = {isa = PBXFileReference; lastKnownFileType = sourcecode.swift; path = BrightnessSlider.swift; sourceTree = "<group>"; };
		77DD36A7251C6B5600C0492D /* SF-UI-Display-Regular.otf */ = {isa = PBXFileReference; lastKnownFileType = file; path = "SF-UI-Display-Regular.otf"; sourceTree = "<group>"; };
		77DD36F6251DC59100C0492D /* Filter.swift */ = {isa = PBXFileReference; lastKnownFileType = sourcecode.swift; path = Filter.swift; sourceTree = "<group>"; };
		78DAF8EA90FFDD4D67A3A8C6 /* Pods-imageFilter.release.xcconfig */ = {isa = PBXFileReference; includeInIndex = 1; lastKnownFileType = text.xcconfig; name = "Pods-imageFilter.release.xcconfig"; path = "Target Support Files/Pods-imageFilter/Pods-imageFilter.release.xcconfig"; sourceTree = "<group>"; };
		7BCAB3D13D44A6255978AC79 /* Pods_imageFilter.framework */ = {isa = PBXFileReference; explicitFileType = wrapper.framework; includeInIndex = 0; path = Pods_imageFilter.framework; sourceTree = BUILT_PRODUCTS_DIR; };
/* End PBXFileReference section */

/* Begin PBXFrameworksBuildPhase section */
		77DD3619251AF89F00C0492D /* Frameworks */ = {
			isa = PBXFrameworksBuildPhase;
			buildActionMask = 2147483647;
			files = (
				50A7E8E32CE88633BFDCE290 /* Pods_imageFilter.framework in Frameworks */,
			);
			runOnlyForDeploymentPostprocessing = 0;
		};
/* End PBXFrameworksBuildPhase section */

/* Begin PBXGroup section */
		77DD3613251AF89F00C0492D = {
			isa = PBXGroup;
			children = (
				77DD361E251AF89F00C0492D /* imageFilter */,
				77DD361D251AF89F00C0492D /* Products */,
				77DD36A9251CBA8300C0492D /* Frameworks */,
				7F183BC2620A838540D71F46 /* Pods */,
			);
			sourceTree = "<group>";
		};
		77DD361D251AF89F00C0492D /* Products */ = {
			isa = PBXGroup;
			children = (
				77DD361C251AF89F00C0492D /* imageFilter.app */,
			);
			name = Products;
			sourceTree = "<group>";
		};
		77DD361E251AF89F00C0492D /* imageFilter */ = {
			isa = PBXGroup;
			children = (
				7766C9C425207C2B00ACA385 /* Podfile */,
				77DD36A6251C69B000C0492D /* Fonts */,
				77DD3635251AFA6B00C0492D /* Controller */,
				77DD3634251AFA6500C0492D /* View */,
				77DD3633251AFA5300C0492D /* Model */,
				77DD361F251AF89F00C0492D /* AppDelegate.swift */,
				77DD3621251AF89F00C0492D /* SceneDelegate.swift */,
				77DD3628251AF8A100C0492D /* Assets.xcassets */,
				77DD362A251AF8A100C0492D /* LaunchScreen.storyboard */,
				77DD362D251AF8A100C0492D /* Info.plist */,
			);
			path = imageFilter;
			sourceTree = "<group>";
		};
		77DD3633251AFA5300C0492D /* Model */ = {
			isa = PBXGroup;
			children = (
				77DD36A0251C312C00C0492D /* HueGraindentSlider.swift */,
				77DD36A2251C5D8F00C0492D /* SaturationSlider.swift */,
				77DD36A4251C63E900C0492D /* BrightnessSlider.swift */,
				77DD36F6251DC59100C0492D /* Filter.swift */,
			);
			path = Model;
			sourceTree = "<group>";
		};
		77DD3634251AFA6500C0492D /* View */ = {
			isa = PBXGroup;
			children = (
				77DD3625251AF89F00C0492D /* Main.storyboard */,
				65A7846A251CDE5000B37AE8 /* PopUpMenuView.swift */,
			);
			path = View;
			sourceTree = "<group>";
		};
		77DD3635251AFA6B00C0492D /* Controller */ = {
			isa = PBXGroup;
			children = (
				77DD3623251AF89F00C0492D /* ViewController.swift */,
				77DD3636251B3A1600C0492D /* MainViewController.swift */,
			);
			path = Controller;
			sourceTree = "<group>";
		};
		77DD36A6251C69B000C0492D /* Fonts */ = {
			isa = PBXGroup;
			children = (
				77DD36A7251C6B5600C0492D /* SF-UI-Display-Regular.otf */,
			);
			path = Fonts;
			sourceTree = "<group>";
		};
		77DD36A9251CBA8300C0492D /* Frameworks */ = {
			isa = PBXGroup;
			children = (
				7BCAB3D13D44A6255978AC79 /* Pods_imageFilter.framework */,
			);
			name = Frameworks;
			sourceTree = "<group>";
		};
		7F183BC2620A838540D71F46 /* Pods */ = {
			isa = PBXGroup;
			children = (
				384153BE1EA1581AA726D867 /* Pods-imageFilter.debug.xcconfig */,
				78DAF8EA90FFDD4D67A3A8C6 /* Pods-imageFilter.release.xcconfig */,
			);
			name = Pods;
			path = Pods;
			sourceTree = "<group>";
		};
/* End PBXGroup section */

/* Begin PBXNativeTarget section */
		77DD361B251AF89F00C0492D /* imageFilter */ = {
			isa = PBXNativeTarget;
			buildConfigurationList = 77DD3630251AF8A100C0492D /* Build configuration list for PBXNativeTarget "imageFilter" */;
			buildPhases = (
				B64C9CA2C9FB475DF563E034 /* [CP] Check Pods Manifest.lock */,
				77DD3618251AF89F00C0492D /* Sources */,
				77DD3619251AF89F00C0492D /* Frameworks */,
				77DD361A251AF89F00C0492D /* Resources */,
				3146D9E068233A9A4AB18A49 /* [CP] Embed Pods Frameworks */,
			);
			buildRules = (
			);
			dependencies = (
			);
			name = imageFilter;
			productName = imageFilter;
			productReference = 77DD361C251AF89F00C0492D /* imageFilter.app */;
			productType = "com.apple.product-type.application";
		};
/* End PBXNativeTarget section */

/* Begin PBXProject section */
		77DD3614251AF89F00C0492D /* Project object */ = {
			isa = PBXProject;
			attributes = {
				LastSwiftUpdateCheck = 1160;
				LastUpgradeCheck = 1160;
				ORGANIZATIONNAME = "Jinzhi Hou";
				TargetAttributes = {
					77DD361B251AF89F00C0492D = {
						CreatedOnToolsVersion = 11.6;
					};
				};
			};
			buildConfigurationList = 77DD3617251AF89F00C0492D /* Build configuration list for PBXProject "imageFilter" */;
			compatibilityVersion = "Xcode 9.3";
			developmentRegion = en;
			hasScannedForEncodings = 0;
			knownRegions = (
				en,
				Base,
			);
			mainGroup = 77DD3613251AF89F00C0492D;
			productRefGroup = 77DD361D251AF89F00C0492D /* Products */;
			projectDirPath = "";
			projectRoot = "";
			targets = (
				77DD361B251AF89F00C0492D /* imageFilter */,
			);
		};
/* End PBXProject section */

/* Begin PBXResourcesBuildPhase section */
		77DD361A251AF89F00C0492D /* Resources */ = {
			isa = PBXResourcesBuildPhase;
			buildActionMask = 2147483647;
			files = (
				7766C9C525207C2B00ACA385 /* Podfile in Resources */,
				77DD362C251AF8A100C0492D /* LaunchScreen.storyboard in Resources */,
				77DD3629251AF8A100C0492D /* Assets.xcassets in Resources */,
				77DD36A8251C6B5600C0492D /* SF-UI-Display-Regular.otf in Resources */,
				77DD3627251AF89F00C0492D /* Main.storyboard in Resources */,
			);
			runOnlyForDeploymentPostprocessing = 0;
		};
/* End PBXResourcesBuildPhase section */

/* Begin PBXShellScriptBuildPhase section */
		3146D9E068233A9A4AB18A49 /* [CP] Embed Pods Frameworks */ = {
			isa = PBXShellScriptBuildPhase;
			buildActionMask = 2147483647;
			files = (
			);
			inputFileListPaths = (
				"${PODS_ROOT}/Target Support Files/Pods-imageFilter/Pods-imageFilter-frameworks-${CONFIGURATION}-input-files.xcfilelist",
			);
			name = "[CP] Embed Pods Frameworks";
			outputFileListPaths = (
				"${PODS_ROOT}/Target Support Files/Pods-imageFilter/Pods-imageFilter-frameworks-${CONFIGURATION}-output-files.xcfilelist",
			);
			runOnlyForDeploymentPostprocessing = 0;
			shellPath = /bin/sh;
			shellScript = "\"${PODS_ROOT}/Target Support Files/Pods-imageFilter/Pods-imageFilter-frameworks.sh\"\n";
			showEnvVarsInLog = 0;
		};
		B64C9CA2C9FB475DF563E034 /* [CP] Check Pods Manifest.lock */ = {
			isa = PBXShellScriptBuildPhase;
			buildActionMask = 2147483647;
			files = (
			);
			inputFileListPaths = (
			);
			inputPaths = (
				"${PODS_PODFILE_DIR_PATH}/Podfile.lock",
				"${PODS_ROOT}/Manifest.lock",
			);
			name = "[CP] Check Pods Manifest.lock";
			outputFileListPaths = (
			);
			outputPaths = (
				"$(DERIVED_FILE_DIR)/Pods-imageFilter-checkManifestLockResult.txt",
			);
			runOnlyForDeploymentPostprocessing = 0;
			shellPath = /bin/sh;
			shellScript = "diff \"${PODS_PODFILE_DIR_PATH}/Podfile.lock\" \"${PODS_ROOT}/Manifest.lock\" > /dev/null\nif [ $? != 0 ] ; then\n    # print error to STDERR\n    echo \"error: The sandbox is not in sync with the Podfile.lock. Run 'pod install' or update your CocoaPods installation.\" >&2\n    exit 1\nfi\n# This output is used by Xcode 'outputs' to avoid re-running this script phase.\necho \"SUCCESS\" > \"${SCRIPT_OUTPUT_FILE_0}\"\n";
			showEnvVarsInLog = 0;
		};
/* End PBXShellScriptBuildPhase section */

/* Begin PBXSourcesBuildPhase section */
		77DD3618251AF89F00C0492D /* Sources */ = {
			isa = PBXSourcesBuildPhase;
			buildActionMask = 2147483647;
			files = (
				77DD36A1251C312C00C0492D /* HueGraindentSlider.swift in Sources */,
				77DD36A3251C5D8F00C0492D /* SaturationSlider.swift in Sources */,
				77DD3624251AF89F00C0492D /* ViewController.swift in Sources */,
				77DD3620251AF89F00C0492D /* AppDelegate.swift in Sources */,
				77DD36A5251C63E900C0492D /* BrightnessSlider.swift in Sources */,
				77DD3622251AF89F00C0492D /* SceneDelegate.swift in Sources */,
				65A7846B251CDE5000B37AE8 /* PopUpMenuView.swift in Sources */,
				77DD36F7251DC59200C0492D /* Filter.swift in Sources */,
				77DD3637251B3A1600C0492D /* MainViewController.swift in Sources */,
			);
			runOnlyForDeploymentPostprocessing = 0;
		};
/* End PBXSourcesBuildPhase section */

/* Begin PBXVariantGroup section */
		77DD3625251AF89F00C0492D /* Main.storyboard */ = {
			isa = PBXVariantGroup;
			children = (
				77DD3626251AF89F00C0492D /* Base */,
			);
			name = Main.storyboard;
			sourceTree = "<group>";
		};
		77DD362A251AF8A100C0492D /* LaunchScreen.storyboard */ = {
			isa = PBXVariantGroup;
			children = (
				77DD362B251AF8A100C0492D /* Base */,
			);
			name = LaunchScreen.storyboard;
			sourceTree = "<group>";
		};
/* End PBXVariantGroup section */

/* Begin XCBuildConfiguration section */
		77DD362E251AF8A100C0492D /* Debug */ = {
			isa = XCBuildConfiguration;
			buildSettings = {
				ALWAYS_SEARCH_USER_PATHS = NO;
				CLANG_ANALYZER_NONNULL = YES;
				CLANG_ANALYZER_NUMBER_OBJECT_CONVERSION = YES_AGGRESSIVE;
				CLANG_CXX_LANGUAGE_STANDARD = "gnu++14";
				CLANG_CXX_LIBRARY = "libc++";
				CLANG_ENABLE_MODULES = YES;
				CLANG_ENABLE_OBJC_ARC = YES;
				CLANG_ENABLE_OBJC_WEAK = YES;
				CLANG_WARN_BLOCK_CAPTURE_AUTORELEASING = YES;
				CLANG_WARN_BOOL_CONVERSION = YES;
				CLANG_WARN_COMMA = YES;
				CLANG_WARN_CONSTANT_CONVERSION = YES;
				CLANG_WARN_DEPRECATED_OBJC_IMPLEMENTATIONS = YES;
				CLANG_WARN_DIRECT_OBJC_ISA_USAGE = YES_ERROR;
				CLANG_WARN_DOCUMENTATION_COMMENTS = YES;
				CLANG_WARN_EMPTY_BODY = YES;
				CLANG_WARN_ENUM_CONVERSION = YES;
				CLANG_WARN_INFINITE_RECURSION = YES;
				CLANG_WARN_INT_CONVERSION = YES;
				CLANG_WARN_NON_LITERAL_NULL_CONVERSION = YES;
				CLANG_WARN_OBJC_IMPLICIT_RETAIN_SELF = YES;
				CLANG_WARN_OBJC_LITERAL_CONVERSION = YES;
				CLANG_WARN_OBJC_ROOT_CLASS = YES_ERROR;
				CLANG_WARN_RANGE_LOOP_ANALYSIS = YES;
				CLANG_WARN_STRICT_PROTOTYPES = YES;
				CLANG_WARN_SUSPICIOUS_MOVE = YES;
				CLANG_WARN_UNGUARDED_AVAILABILITY = YES_AGGRESSIVE;
				CLANG_WARN_UNREACHABLE_CODE = YES;
				CLANG_WARN__DUPLICATE_METHOD_MATCH = YES;
				COPY_PHASE_STRIP = NO;
				DEBUG_INFORMATION_FORMAT = dwarf;
				ENABLE_STRICT_OBJC_MSGSEND = YES;
				ENABLE_TESTABILITY = YES;
				GCC_C_LANGUAGE_STANDARD = gnu11;
				GCC_DYNAMIC_NO_PIC = NO;
				GCC_NO_COMMON_BLOCKS = YES;
				GCC_OPTIMIZATION_LEVEL = 0;
				GCC_PREPROCESSOR_DEFINITIONS = (
					"DEBUG=1",
					"$(inherited)",
				);
				GCC_WARN_64_TO_32_BIT_CONVERSION = YES;
				GCC_WARN_ABOUT_RETURN_TYPE = YES_ERROR;
				GCC_WARN_UNDECLARED_SELECTOR = YES;
				GCC_WARN_UNINITIALIZED_AUTOS = YES_AGGRESSIVE;
				GCC_WARN_UNUSED_FUNCTION = YES;
				GCC_WARN_UNUSED_VARIABLE = YES;
				IPHONEOS_DEPLOYMENT_TARGET = 13.6;
				MTL_ENABLE_DEBUG_INFO = INCLUDE_SOURCE;
				MTL_FAST_MATH = YES;
				ONLY_ACTIVE_ARCH = YES;
				SDKROOT = iphoneos;
				SWIFT_ACTIVE_COMPILATION_CONDITIONS = DEBUG;
				SWIFT_OPTIMIZATION_LEVEL = "-Onone";
			};
			name = Debug;
		};
		77DD362F251AF8A100C0492D /* Release */ = {
			isa = XCBuildConfiguration;
			buildSettings = {
				ALWAYS_SEARCH_USER_PATHS = NO;
				CLANG_ANALYZER_NONNULL = YES;
				CLANG_ANALYZER_NUMBER_OBJECT_CONVERSION = YES_AGGRESSIVE;
				CLANG_CXX_LANGUAGE_STANDARD = "gnu++14";
				CLANG_CXX_LIBRARY = "libc++";
				CLANG_ENABLE_MODULES = YES;
				CLANG_ENABLE_OBJC_ARC = YES;
				CLANG_ENABLE_OBJC_WEAK = YES;
				CLANG_WARN_BLOCK_CAPTURE_AUTORELEASING = YES;
				CLANG_WARN_BOOL_CONVERSION = YES;
				CLANG_WARN_COMMA = YES;
				CLANG_WARN_CONSTANT_CONVERSION = YES;
				CLANG_WARN_DEPRECATED_OBJC_IMPLEMENTATIONS = YES;
				CLANG_WARN_DIRECT_OBJC_ISA_USAGE = YES_ERROR;
				CLANG_WARN_DOCUMENTATION_COMMENTS = YES;
				CLANG_WARN_EMPTY_BODY = YES;
				CLANG_WARN_ENUM_CONVERSION = YES;
				CLANG_WARN_INFINITE_RECURSION = YES;
				CLANG_WARN_INT_CONVERSION = YES;
				CLANG_WARN_NON_LITERAL_NULL_CONVERSION = YES;
				CLANG_WARN_OBJC_IMPLICIT_RETAIN_SELF = YES;
				CLANG_WARN_OBJC_LITERAL_CONVERSION = YES;
				CLANG_WARN_OBJC_ROOT_CLASS = YES_ERROR;
				CLANG_WARN_RANGE_LOOP_ANALYSIS = YES;
				CLANG_WARN_STRICT_PROTOTYPES = YES;
				CLANG_WARN_SUSPICIOUS_MOVE = YES;
				CLANG_WARN_UNGUARDED_AVAILABILITY = YES_AGGRESSIVE;
				CLANG_WARN_UNREACHABLE_CODE = YES;
				CLANG_WARN__DUPLICATE_METHOD_MATCH = YES;
				COPY_PHASE_STRIP = NO;
				DEBUG_INFORMATION_FORMAT = "dwarf-with-dsym";
				ENABLE_NS_ASSERTIONS = NO;
				ENABLE_STRICT_OBJC_MSGSEND = YES;
				GCC_C_LANGUAGE_STANDARD = gnu11;
				GCC_NO_COMMON_BLOCKS = YES;
				GCC_WARN_64_TO_32_BIT_CONVERSION = YES;
				GCC_WARN_ABOUT_RETURN_TYPE = YES_ERROR;
				GCC_WARN_UNDECLARED_SELECTOR = YES;
				GCC_WARN_UNINITIALIZED_AUTOS = YES_AGGRESSIVE;
				GCC_WARN_UNUSED_FUNCTION = YES;
				GCC_WARN_UNUSED_VARIABLE = YES;
				IPHONEOS_DEPLOYMENT_TARGET = 13.6;
				MTL_ENABLE_DEBUG_INFO = NO;
				MTL_FAST_MATH = YES;
				SDKROOT = iphoneos;
				SWIFT_COMPILATION_MODE = wholemodule;
				SWIFT_OPTIMIZATION_LEVEL = "-O";
				VALIDATE_PRODUCT = YES;
			};
			name = Release;
		};
		77DD3631251AF8A100C0492D /* Debug */ = {
			isa = XCBuildConfiguration;
			baseConfigurationReference = 384153BE1EA1581AA726D867 /* Pods-imageFilter.debug.xcconfig */;
			buildSettings = {
				ASSETCATALOG_COMPILER_APPICON_NAME = AppIcon;
				CODE_SIGN_STYLE = Automatic;
				INFOPLIST_FILE = imageFilter/Info.plist;
				IPHONEOS_DEPLOYMENT_TARGET = 13.6;
				LD_RUNPATH_SEARCH_PATHS = (
					"$(inherited)",
					"@executable_path/Frameworks",
				);
				PRODUCT_BUNDLE_IDENTIFIER = "com.jessie-imageFilter.imageFilter";
				PRODUCT_NAME = "$(TARGET_NAME)";
				SWIFT_VERSION = 5.0;
				TARGETED_DEVICE_FAMILY = 2;
			};
			name = Debug;
		};
		77DD3632251AF8A100C0492D /* Release */ = {
			isa = XCBuildConfiguration;
			baseConfigurationReference = 78DAF8EA90FFDD4D67A3A8C6 /* Pods-imageFilter.release.xcconfig */;
			buildSettings = {
				ASSETCATALOG_COMPILER_APPICON_NAME = AppIcon;
				CODE_SIGN_STYLE = Automatic;
				INFOPLIST_FILE = imageFilter/Info.plist;
				IPHONEOS_DEPLOYMENT_TARGET = 13.6;
				LD_RUNPATH_SEARCH_PATHS = (
					"$(inherited)",
					"@executable_path/Frameworks",
				);
				PRODUCT_BUNDLE_IDENTIFIER = "com.jessie-imageFilter.imageFilter";
				PRODUCT_NAME = "$(TARGET_NAME)";
				SWIFT_VERSION = 5.0;
				TARGETED_DEVICE_FAMILY = 2;
			};
			name = Release;
		};
/* End XCBuildConfiguration section */

/* Begin XCConfigurationList section */
		77DD3617251AF89F00C0492D /* Build configuration list for PBXProject "imageFilter" */ = {
			isa = XCConfigurationList;
			buildConfigurations = (
				77DD362E251AF8A100C0492D /* Debug */,
				77DD362F251AF8A100C0492D /* Release */,
			);
			defaultConfigurationIsVisible = 0;
			defaultConfigurationName = Release;
		};
		77DD3630251AF8A100C0492D /* Build configuration list for PBXNativeTarget "imageFilter" */ = {
			isa = XCConfigurationList;
			buildConfigurations = (
				77DD3631251AF8A100C0492D /* Debug */,
				77DD3632251AF8A100C0492D /* Release */,
			);
			defaultConfigurationIsVisible = 0;
			defaultConfigurationName = Release;
		};
/* End XCConfigurationList section */
	};
	rootObject = 77DD3614251AF89F00C0492D /* Project object */;
}
